
Microsoft Visual Studio Solution File, Format Version 12.00
# Visual Studio Version 17
VisualStudioVersion = 17.1.32421.90
MinimumVisualStudioVersion = 10.0.40219.1
Project("{FAE04EC0-301F-11D3-BF4B-00C04F79EFBC}") = "GymApp", "GymApp\GymApp.csproj", "{30AB52A6-BB18-496C-BDD0-6869C9D50C68}"
EndProject
Global
	GlobalSection(SolutionConfigurationPlatforms) = preSolution
		Debug|Any CPU = Debug|Any CPU
		Release|Any CPU = Release|Any CPU
	EndGlobalSection
	GlobalSection(ProjectConfigurationPlatforms) = postSolution
		{30AB52A6-BB18-496C-BDD0-6869C9D50C68}.Debug|Any CPU.ActiveCfg = Debug|Any CPU
		{30AB52A6-BB18-496C-BDD0-6869C9D50C68}.Debug|Any CPU.Build.0 = Debug|Any CPU
		{30AB52A6-BB18-496C-BDD0-6869C9D50C68}.Release|Any CPU.ActiveCfg = Release|Any CPU
		{30AB52A6-BB18-496C-BDD0-6869C9D50C68}.Release|Any CPU.Build.0 = Release|Any CPU
	EndGlobalSection
	GlobalSection(SolutionProperties) = preSolution
		HideSolutionNode = FALSE
	EndGlobalSection
	GlobalSection(ExtensibilityGlobals) = postSolution
		SolutionGuid = {00998CE6-A2C5-4FEA-8EE1-9E07A5B7A4AD}
	EndGlobalSection
EndGlobal
